
Microsoft Visual Studio Solution File, Format Version 12.00
# Visual Studio Version 17
VisualStudioVersion = 17.0.31903.59
MinimumVisualStudioVersion = 10.0.40219.1
Project("{2150E333-8FDC-42A3-9474-1A3956D46DE8}") = "src", "src", "{A577BCB5-2E8E-4BFE-9A35-EC083DB516A2}"
EndProject
Project("{FAE04EC0-301F-11D3-BF4B-00C04F79EFBC}") = "ServiceBusContracts", "src\ServiceBusContracts\ServiceBusContracts.csproj", "{EB5FBDF2-5310-4812-A532-AB7CEB969997}"
EndProject
Project("{FAE04EC0-301F-11D3-BF4B-00C04F79EFBC}") = "ServiceBusProducer", "src\ServiceBusProducer\ServiceBusProducer.csproj", "{0D03658E-5ADD-4ED8-A907-641AFC26CA25}"
EndProject
Project("{FAE04EC0-301F-11D3-BF4B-00C04F79EFBC}") = "ServiceBusConsumer", "src\ServiceBusConsumer\ServiceBusConsumer.csproj", "{9AD4D681-8ADF-418D-AFAC-55D25AAC0A39}"
EndProject
Global
	GlobalSection(SolutionConfigurationPlatforms) = preSolution
		Debug|Any CPU = Debug|Any CPU
		Release|Any CPU = Release|Any CPU
	EndGlobalSection
	GlobalSection(SolutionProperties) = preSolution
		HideSolutionNode = FALSE
	EndGlobalSection
	GlobalSection(NestedProjects) = preSolution
		{EB5FBDF2-5310-4812-A532-AB7CEB969997} = {A577BCB5-2E8E-4BFE-9A35-EC083DB516A2}
		{0D03658E-5ADD-4ED8-A907-641AFC26CA25} = {A577BCB5-2E8E-4BFE-9A35-EC083DB516A2}
		{9AD4D681-8ADF-418D-AFAC-55D25AAC0A39} = {A577BCB5-2E8E-4BFE-9A35-EC083DB516A2}
	EndGlobalSection
	GlobalSection(ProjectConfigurationPlatforms) = postSolution
		{EB5FBDF2-5310-4812-A532-AB7CEB969997}.Debug|Any CPU.ActiveCfg = Debug|Any CPU
		{EB5FBDF2-5310-4812-A532-AB7CEB969997}.Debug|Any CPU.Build.0 = Debug|Any CPU
		{EB5FBDF2-5310-4812-A532-AB7CEB969997}.Release|Any CPU.ActiveCfg = Release|Any CPU
		{EB5FBDF2-5310-4812-A532-AB7CEB969997}.Release|Any CPU.Build.0 = Release|Any CPU
		{0D03658E-5ADD-4ED8-A907-641AFC26CA25}.Debug|Any CPU.ActiveCfg = Debug|Any CPU
		{0D03658E-5ADD-4ED8-A907-641AFC26CA25}.Debug|Any CPU.Build.0 = Debug|Any CPU
		{0D03658E-5ADD-4ED8-A907-641AFC26CA25}.Release|Any CPU.ActiveCfg = Release|Any CPU
		{0D03658E-5ADD-4ED8-A907-641AFC26CA25}.Release|Any CPU.Build.0 = Release|Any CPU
		{9AD4D681-8ADF-418D-AFAC-55D25AAC0A39}.Debug|Any CPU.ActiveCfg = Debug|Any CPU
		{9AD4D681-8ADF-418D-AFAC-55D25AAC0A39}.Debug|Any CPU.Build.0 = Debug|Any CPU
		{9AD4D681-8ADF-418D-AFAC-55D25AAC0A39}.Release|Any CPU.ActiveCfg = Release|Any CPU
		{9AD4D681-8ADF-418D-AFAC-55D25AAC0A39}.Release|Any CPU.Build.0 = Release|Any CPU
	EndGlobalSection
EndGlobal
